
Microsoft Visual Studio Solution File, Format Version 12.00
# Visual Studio Version 17
VisualStudioVersion = 17.7.34221.43
MinimumVisualStudioVersion = 10.0.40219.1
Project("{FAE04EC0-301F-11D3-BF4B-00C04F79EFBC}") = "uk.co.nfocus.RoshniNUnitProject", "uk.co.nfocus.RoshniNUnitProject\uk.co.nfocus.RoshniNUnitProject.csproj", "{A999FB22-18D7-4C42-99FA-7EA0BF661411}"
EndProject
Global
	GlobalSection(SolutionConfigurationPlatforms) = preSolution
		Debug|Any CPU = Debug|Any CPU
		Release|Any CPU = Release|Any CPU
	EndGlobalSection
	GlobalSection(ProjectConfigurationPlatforms) = postSolution
		{A999FB22-18D7-4C42-99FA-7EA0BF661411}.Debug|Any CPU.ActiveCfg = Debug|Any CPU
		{A999FB22-18D7-4C42-99FA-7EA0BF661411}.Debug|Any CPU.Build.0 = Debug|Any CPU
		{A999FB22-18D7-4C42-99FA-7EA0BF661411}.Release|Any CPU.ActiveCfg = Release|Any CPU
		{A999FB22-18D7-4C42-99FA-7EA0BF661411}.Release|Any CPU.Build.0 = Release|Any CPU
	EndGlobalSection
	GlobalSection(SolutionProperties) = preSolution
		HideSolutionNode = FALSE
	EndGlobalSection
	GlobalSection(ExtensibilityGlobals) = postSolution
		SolutionGuid = {1A04DEE5-0A96-4270-980C-3713306C82F2}
	EndGlobalSection
EndGlobal
